// !$*UTF8*$!
{
	archiveVersion = 1;
	classes = {
	};
	objectVersion = 46;
	objects = {

/* Begin PBXBuildFile section */
		7E610DC71D251EDB007E8CC9 /* main.m in Sources */ = {isa = PBXBuildFile; fileRef = 7E610DC61D251EDB007E8CC9 /* main.m */; };
		7E610DCA1D251EDB007E8CC9 /* AppDelegate.m in Sources */ = {isa = PBXBuildFile; fileRef = 7E610DC91D251EDB007E8CC9 /* AppDelegate.m */; };
		7E610DCD1D251EDB007E8CC9 /* ViewController.m in Sources */ = {isa = PBXBuildFile; fileRef = 7E610DCC1D251EDB007E8CC9 /* ViewController.m */; };
		7E610DD01D251EDB007E8CC9 /* Main.storyboard in Resources */ = {isa = PBXBuildFile; fileRef = 7E610DCE1D251EDB007E8CC9 /* Main.storyboard */; };
		7E610DD21D251EDB007E8CC9 /* Assets.xcassets in Resources */ = {isa = PBXBuildFile; fileRef = 7E610DD11D251EDB007E8CC9 /* Assets.xcassets */; };
		7E610DD51D251EDB007E8CC9 /* LaunchScreen.storyboard in Resources */ = {isa = PBXBuildFile; fileRef = 7E610DD31D251EDB007E8CC9 /* LaunchScreen.storyboard */; };
		7E610DE01D251EDB007E8CC9 /* TWCitySelectViewTests.m in Sources */ = {isa = PBXBuildFile; fileRef = 7E610DDF1D251EDB007E8CC9 /* TWCitySelectViewTests.m */; };
		7E610DEB1D251EDB007E8CC9 /* TWCitySelectViewUITests.m in Sources */ = {isa = PBXBuildFile; fileRef = 7E610DEA1D251EDB007E8CC9 /* TWCitySelectViewUITests.m */; };
/* End PBXBuildFile section */

/* Begin PBXContainerItemProxy section */
		7E610DDC1D251EDB007E8CC9 /* PBXContainerItemProxy */ = {
			isa = PBXContainerItemProxy;
			containerPortal = 7E610DBA1D251EDB007E8CC9 /* Project object */;
			proxyType = 1;
			remoteGlobalIDString = 7E610DC11D251EDB007E8CC9;
			remoteInfo = TWCitySelectView;
		};
		7E610DE71D251EDB007E8CC9 /* PBXContainerItemProxy */ = {
			isa = PBXContainerItemProxy;
			containerPortal = 7E610DBA1D251EDB007E8CC9 /* Project object */;
			proxyType = 1;
			remoteGlobalIDString = 7E610DC11D251EDB007E8CC9;
			remoteInfo = TWCitySelectView;
		};
/* End PBXContainerItemProxy section */

/* Begin PBXFileReference section */
		7E610DC21D251EDB007E8CC9 /* TWCitySelectView.app */ = {isa = PBXFileReference; explicitFileType = wrapper.application; includeInIndex = 0; path = TWCitySelectView.app; sourceTree = BUILT_PRODUCTS_DIR; };
		7E610DC61D251EDB007E8CC9 /* main.m */ = {isa = PBXFileReference; lastKnownFileType = sourcecode.c.objc; path = main.m; sourceTree = "<group>"; };
		7E610DC81D251EDB007E8CC9 /* AppDelegate.h */ = {isa = PBXFileReference; lastKnownFileType = sourcecode.c.h; path = AppDelegate.h; sourceTree = "<group>"; };
		7E610DC91D251EDB007E8CC9 /* AppDelegate.m */ = {isa = PBXFileReference; lastKnownFileType = sourcecode.c.objc; path = AppDelegate.m; sourceTree = "<group>"; };
		7E610DCB1D251EDB007E8CC9 /* ViewController.h */ = {isa = PBXFileReference; lastKnownFileType = sourcecode.c.h; path = ViewController.h; sourceTree = "<group>"; };
		7E610DCC1D251EDB007E8CC9 /* ViewController.m */ = {isa = PBXFileReference; lastKnownFileType = sourcecode.c.objc; path = ViewController.m; sourceTree = "<group>"; };
		7E610DCF1D251EDB007E8CC9 /* Base */ = {isa = PBXFileReference; lastKnownFileType = file.storyboard; name = Base; path = Base.lproj/Main.storyboard; sourceTree = "<group>"; };
		7E610DD11D251EDB007E8CC9 /* Assets.xcassets */ = {isa = PBXFileReference; lastKnownFileType = folder.assetcatalog; path = Assets.xcassets; sourceTree = "<group>"; };
		7E610DD41D251EDB007E8CC9 /* Base */ = {isa = PBXFileReference; lastKnownFileType = file.storyboard; name = Base; path = Base.lproj/LaunchScreen.storyboard; sourceTree = "<group>"; };
		7E610DD61D251EDB007E8CC9 /* Info.plist */ = {isa = PBXFileReference; lastKnownFileType = text.plist.xml; path = Info.plist; sourceTree = "<group>"; };
		7E610DDB1D251EDB007E8CC9 /* TWCitySelectViewTests.xctest */ = {isa = PBXFileReference; explicitFileType = wrapper.cfbundle; includeInIndex = 0; path = TWCitySelectViewTests.xctest; sourceTree = BUILT_PRODUCTS_DIR; };
		7E610DDF1D251EDB007E8CC9 /* TWCitySelectViewTests.m */ = {isa = PBXFileReference; lastKnownFileType = sourcecode.c.objc; path = TWCitySelectViewTests.m; sourceTree = "<group>"; };
		7E610DE11D251EDB007E8CC9 /* Info.plist */ = {isa = PBXFileReference; lastKnownFileType = text.plist.xml; path = Info.plist; sourceTree = "<group>"; };
		7E610DE61D251EDB007E8CC9 /* TWCitySelectViewUITests.xctest */ = {isa = PBXFileReference; explicitFileType = wrapper.cfbundle; includeInIndex = 0; path = TWCitySelectViewUITests.xctest; sourceTree = BUILT_PRODUCTS_DIR; };
		7E610DEA1D251EDB007E8CC9 /* TWCitySelectViewUITests.m */ = {isa = PBXFileReference; lastKnownFileType = sourcecode.c.objc; path = TWCitySelectViewUITests.m; sourceTree = "<group>"; };
		7E610DEC1D251EDB007E8CC9 /* Info.plist */ = {isa = PBXFileReference; lastKnownFileType = text.plist.xml; path = Info.plist; sourceTree = "<group>"; };
/* End PBXFileReference section */

/* Begin PBXFrameworksBuildPhase section */
		7E610DBF1D251EDB007E8CC9 /* Frameworks */ = {
			isa = PBXFrameworksBuildPhase;
			buildActionMask = 2147483647;
			files = (
			);
			runOnlyForDeploymentPostprocessing = 0;
		};
		7E610DD81D251EDB007E8CC9 /* Frameworks */ = {
			isa = PBXFrameworksBuildPhase;
			buildActionMask = 2147483647;
			files = (
			);
			runOnlyForDeploymentPostprocessing = 0;
		};
		7E610DE31D251EDB007E8CC9 /* Frameworks */ = {
			isa = PBXFrameworksBuildPhase;
			buildActionMask = 2147483647;
			files = (
			);
			runOnlyForDeploymentPostprocessing = 0;
		};
/* End PBXFrameworksBuildPhase section */

/* Begin PBXGroup section */
		7E610DB91D251EDB007E8CC9 = {
			isa = PBXGroup;
			children = (
				7E610DC41D251EDB007E8CC9 /* TWCitySelectView */,
				7E610DDE1D251EDB007E8CC9 /* TWCitySelectViewTests */,
				7E610DE91D251EDB007E8CC9 /* TWCitySelectViewUITests */,
				7E610DC31D251EDB007E8CC9 /* Products */,
			);
			sourceTree = "<group>";
		};
		7E610DC31D251EDB007E8CC9 /* Products */ = {
			isa = PBXGroup;
			children = (
				7E610DC21D251EDB007E8CC9 /* TWCitySelectView.app */,
				7E610DDB1D251EDB007E8CC9 /* TWCitySelectViewTests.xctest */,
				7E610DE61D251EDB007E8CC9 /* TWCitySelectViewUITests.xctest */,
			);
			name = Products;
			sourceTree = "<group>";
		};
		7E610DC41D251EDB007E8CC9 /* TWCitySelectView */ = {
			isa = PBXGroup;
			children = (
				7E610DC81D251EDB007E8CC9 /* AppDelegate.h */,
				7E610DC91D251EDB007E8CC9 /* AppDelegate.m */,
				7E610DCB1D251EDB007E8CC9 /* ViewController.h */,
				7E610DCC1D251EDB007E8CC9 /* ViewController.m */,
				7E610DCE1D251EDB007E8CC9 /* Main.storyboard */,
				7E610DD11D251EDB007E8CC9 /* Assets.xcassets */,
				7E610DD31D251EDB007E8CC9 /* LaunchScreen.storyboard */,
				7E610DD61D251EDB007E8CC9 /* Info.plist */,
				7E610DC51D251EDB007E8CC9 /* Supporting Files */,
			);
			path = TWCitySelectView;
			sourceTree = "<group>";
		};
		7E610DC51D251EDB007E8CC9 /* Supporting Files */ = {
			isa = PBXGroup;
			children = (
				7E610DC61D251EDB007E8CC9 /* main.m */,
			);
			name = "Supporting Files";
			sourceTree = "<group>";
		};
		7E610DDE1D251EDB007E8CC9 /* TWCitySelectViewTests */ = {
			isa = PBXGroup;
			children = (
				7E610DDF1D251EDB007E8CC9 /* TWCitySelectViewTests.m */,
				7E610DE11D251EDB007E8CC9 /* Info.plist */,
			);
			path = TWCitySelectViewTests;
			sourceTree = "<group>";
		};
		7E610DE91D251EDB007E8CC9 /* TWCitySelectViewUITests */ = {
			isa = PBXGroup;
			children = (
				7E610DEA1D251EDB007E8CC9 /* TWCitySelectViewUITests.m */,
				7E610DEC1D251EDB007E8CC9 /* Info.plist */,
			);
			path = TWCitySelectViewUITests;
			sourceTree = "<group>";
		};
/* End PBXGroup section */

/* Begin PBXNativeTarget section */
		7E610DC11D251EDB007E8CC9 /* TWCitySelectView */ = {
			isa = PBXNativeTarget;
			buildConfigurationList = 7E610DEF1D251EDB007E8CC9 /* Build configuration list for PBXNativeTarget "TWCitySelectView" */;
			buildPhases = (
				7E610DBE1D251EDB007E8CC9 /* Sources */,
				7E610DBF1D251EDB007E8CC9 /* Frameworks */,
				7E610DC01D251EDB007E8CC9 /* Resources */,
			);
			buildRules = (
			);
			dependencies = (
			);
			name = TWCitySelectView;
			productName = TWCitySelectView;
			productReference = 7E610DC21D251EDB007E8CC9 /* TWCitySelectView.app */;
			productType = "com.apple.product-type.application";
		};
		7E610DDA1D251EDB007E8CC9 /* TWCitySelectViewTests */ = {
			isa = PBXNativeTarget;
			buildConfigurationList = 7E610DF21D251EDB007E8CC9 /* Build configuration list for PBXNativeTarget "TWCitySelectViewTests" */;
			buildPhases = (
				7E610DD71D251EDB007E8CC9 /* Sources */,
				7E610DD81D251EDB007E8CC9 /* Frameworks */,
				7E610DD91D251EDB007E8CC9 /* Resources */,
			);
			buildRules = (
			);
			dependencies = (
				7E610DDD1D251EDB007E8CC9 /* PBXTargetDependency */,
			);
			name = TWCitySelectViewTests;
			productName = TWCitySelectViewTests;
			productReference = 7E610DDB1D251EDB007E8CC9 /* TWCitySelectViewTests.xctest */;
			productType = "com.apple.product-type.bundle.unit-test";
		};
		7E610DE51D251EDB007E8CC9 /* TWCitySelectViewUITests */ = {
			isa = PBXNativeTarget;
			buildConfigurationList = 7E610DF51D251EDB007E8CC9 /* Build configuration list for PBXNativeTarget "TWCitySelectViewUITests" */;
			buildPhases = (
				7E610DE21D251EDB007E8CC9 /* Sources */,
				7E610DE31D251EDB007E8CC9 /* Frameworks */,
				7E610DE41D251EDB007E8CC9 /* Resources */,
			);
			buildRules = (
			);
			dependencies = (
				7E610DE81D251EDB007E8CC9 /* PBXTargetDependency */,
			);
			name = TWCitySelectViewUITests;
			productName = TWCitySelectViewUITests;
			productReference = 7E610DE61D251EDB007E8CC9 /* TWCitySelectViewUITests.xctest */;
			productType = "com.apple.product-type.bundle.ui-testing";
		};
/* End PBXNativeTarget section */

/* Begin PBXProject section */
		7E610DBA1D251EDB007E8CC9 /* Project object */ = {
			isa = PBXProject;
			attributes = {
				LastUpgradeCheck = 0730;
				ORGANIZATIONNAME = Raykin;
				TargetAttributes = {
					7E610DC11D251EDB007E8CC9 = {
						CreatedOnToolsVersion = 7.3.1;
					};
					7E610DDA1D251EDB007E8CC9 = {
						CreatedOnToolsVersion = 7.3.1;
						TestTargetID = 7E610DC11D251EDB007E8CC9;
					};
					7E610DE51D251EDB007E8CC9 = {
						CreatedOnToolsVersion = 7.3.1;
						TestTargetID = 7E610DC11D251EDB007E8CC9;
					};
				};
			};
			buildConfigurationList = 7E610DBD1D251EDB007E8CC9 /* Build configuration list for PBXProject "TWCitySelectView" */;
			compatibilityVersion = "Xcode 3.2";
			developmentRegion = English;
			hasScannedForEncodings = 0;
			knownRegions = (
				en,
				Base,
			);
			mainGroup = 7E610DB91D251EDB007E8CC9;
			productRefGroup = 7E610DC31D251EDB007E8CC9 /* Products */;
			projectDirPath = "";
			projectRoot = "";
			targets = (
				7E610DC11D251EDB007E8CC9 /* TWCitySelectView */,
				7E610DDA1D251EDB007E8CC9 /* TWCitySelectViewTests */,
				7E610DE51D251EDB007E8CC9 /* TWCitySelectViewUITests */,
			);
		};
/* End PBXProject section */

/* Begin PBXResourcesBuildPhase section */
		7E610DC01D251EDB007E8CC9 /* Resources */ = {
			isa = PBXResourcesBuildPhase;
			buildActionMask = 2147483647;
			files = (
				7E610DD51D251EDB007E8CC9 /* LaunchScreen.storyboard in Resources */,
				7E610DD21D251EDB007E8CC9 /* Assets.xcassets in Resources */,
				7E610DD01D251EDB007E8CC9 /* Main.storyboard in Resources */,
			);
			runOnlyForDeploymentPostprocessing = 0;
		};
		7E610DD91D251EDB007E8CC9 /* Resources */ = {
			isa = PBXResourcesBuildPhase;
			buildActionMask = 2147483647;
			files = (
			);
			runOnlyForDeploymentPostprocessing = 0;
		};
		7E610DE41D251EDB007E8CC9 /* Resources */ = {
			isa = PBXResourcesBuildPhase;
			buildActionMask = 2147483647;
			files = (
			);
			runOnlyForDeploymentPostprocessing = 0;
		};
/* End PBXResourcesBuildPhase section */

/* Begin PBXSourcesBuildPhase section */
		7E610DBE1D251EDB007E8CC9 /* Sources */ = {
			isa = PBXSourcesBuildPhase;
			buildActionMask = 2147483647;
			files = (
				7E610DCD1D251EDB007E8CC9 /* ViewController.m in Sources */,
				7E610DCA1D251EDB007E8CC9 /* AppDelegate.m in Sources */,
				7E610DC71D251EDB007E8CC9 /* main.m in Sources */,
			);
			runOnlyForDeploymentPostprocessing = 0;
		};
		7E610DD71D251EDB007E8CC9 /* Sources */ = {
			isa = PBXSourcesBuildPhase;
			buildActionMask = 2147483647;
			files = (
				7E610DE01D251EDB007E8CC9 /* TWCitySelectViewTests.m in Sources */,
			);
			runOnlyForDeploymentPostprocessing = 0;
		};
		7E610DE21D251EDB007E8CC9 /* Sources */ = {
			isa = PBXSourcesBuildPhase;
			buildActionMask = 2147483647;
			files = (
				7E610DEB1D251EDB007E8CC9 /* TWCitySelectViewUITests.m in Sources */,
			);
			runOnlyForDeploymentPostprocessing = 0;
		};
/* End PBXSourcesBuildPhase section */

/* Begin PBXTargetDependency section */
		7E610DDD1D251EDB007E8CC9 /* PBXTargetDependency */ = {
			isa = PBXTargetDependency;
			target = 7E610DC11D251EDB007E8CC9 /* TWCitySelectView */;
			targetProxy = 7E610DDC1D251EDB007E8CC9 /* PBXContainerItemProxy */;
		};
		7E610DE81D251EDB007E8CC9 /* PBXTargetDependency */ = {
			isa = PBXTargetDependency;
			target = 7E610DC11D251EDB007E8CC9 /* TWCitySelectView */;
			targetProxy = 7E610DE71D251EDB007E8CC9 /* PBXContainerItemProxy */;
		};
/* End PBXTargetDependency section */

/* Begin PBXVariantGroup section */
		7E610DCE1D251EDB007E8CC9 /* Main.storyboard */ = {
			isa = PBXVariantGroup;
			children = (
				7E610DCF1D251EDB007E8CC9 /* Base */,
			);
			name = Main.storyboard;
			sourceTree = "<group>";
		};
		7E610DD31D251EDB007E8CC9 /* LaunchScreen.storyboard */ = {
			isa = PBXVariantGroup;
			children = (
				7E610DD41D251EDB007E8CC9 /* Base */,
			);
			name = LaunchScreen.storyboard;
			sourceTree = "<group>";
		};
/* End PBXVariantGroup section */

/* Begin XCBuildConfiguration section */
		7E610DED1D251EDB007E8CC9 /* Debug */ = {
			isa = XCBuildConfiguration;
			buildSettings = {
				ALWAYS_SEARCH_USER_PATHS = NO;
				CLANG_ANALYZER_NONNULL = YES;
				CLANG_CXX_LANGUAGE_STANDARD = "gnu++0x";
				CLANG_CXX_LIBRARY = "libc++";
				CLANG_ENABLE_MODULES = YES;
				CLANG_ENABLE_OBJC_ARC = YES;
				CLANG_WARN_BOOL_CONVERSION = YES;
				CLANG_WARN_CONSTANT_CONVERSION = YES;
				CLANG_WARN_DIRECT_OBJC_ISA_USAGE = YES_ERROR;
				CLANG_WARN_EMPTY_BODY = YES;
				CLANG_WARN_ENUM_CONVERSION = YES;
				CLANG_WARN_INT_CONVERSION = YES;
				CLANG_WARN_OBJC_ROOT_CLASS = YES_ERROR;
				CLANG_WARN_UNREACHABLE_CODE = YES;
				CLANG_WARN__DUPLICATE_METHOD_MATCH = YES;
				"CODE_SIGN_IDENTITY[sdk=iphoneos*]" = "iPhone Developer";
				COPY_PHASE_STRIP = NO;
				DEBUG_INFORMATION_FORMAT = dwarf;
				ENABLE_STRICT_OBJC_MSGSEND = YES;
				ENABLE_TESTABILITY = YES;
				GCC_C_LANGUAGE_STANDARD = gnu99;
				GCC_DYNAMIC_NO_PIC = NO;
				GCC_NO_COMMON_BLOCKS = YES;
				GCC_OPTIMIZATION_LEVEL = 0;
				GCC_PREPROCESSOR_DEFINITIONS = (
					"DEBUG=1",
					"$(inherited)",
				);
				GCC_WARN_64_TO_32_BIT_CONVERSION = YES;
				GCC_WARN_ABOUT_RETURN_TYPE = YES_ERROR;
				GCC_WARN_UNDECLARED_SELECTOR = YES;
				GCC_WARN_UNINITIALIZED_AUTOS = YES_AGGRESSIVE;
				GCC_WARN_UNUSED_FUNCTION = YES;
				GCC_WARN_UNUSED_VARIABLE = YES;
				IPHONEOS_DEPLOYMENT_TARGET = 9.3;
				MTL_ENABLE_DEBUG_INFO = YES;
				ONLY_ACTIVE_ARCH = YES;
				SDKROOT = iphoneos;
				TARGETED_DEVICE_FAMILY = "1,2";
			};
			name = Debug;
		};
		7E610DEE1D251EDB007E8CC9 /* Release */ = {
			isa = XCBuildConfiguration;
			buildSettings = {
				ALWAYS_SEARCH_USER_PATHS = NO;
				CLANG_ANALYZER_NONNULL = YES;
				CLANG_CXX_LANGUAGE_STANDARD = "gnu++0x";
				CLANG_CXX_LIBRARY = "libc++";
				CLANG_ENABLE_MODULES = YES;
				CLANG_ENABLE_OBJC_ARC = YES;
				CLANG_WARN_BOOL_CONVERSION = YES;
				CLANG_WARN_CONSTANT_CONVERSION = YES;
				CLANG_WARN_DIRECT_OBJC_ISA_USAGE = YES_ERROR;
				CLANG_WARN_EMPTY_BODY = YES;
				CLANG_WARN_ENUM_CONVERSION = YES;
				CLANG_WARN_INT_CONVERSION = YES;
				CLANG_WARN_OBJC_ROOT_CLASS = YES_ERROR;
				CLANG_WARN_UNREACHABLE_CODE = YES;
				CLANG_WARN__DUPLICATE_METHOD_MATCH = YES;
				"CODE_SIGN_IDENTITY[sdk=iphoneos*]" = "iPhone Developer";
				COPY_PHASE_STRIP = NO;
				DEBUG_INFORMATION_FORMAT = "dwarf-with-dsym";
				ENABLE_NS_ASSERTIONS = NO;
				ENABLE_STRICT_OBJC_MSGSEND = YES;
				GCC_C_LANGUAGE_STANDARD = gnu99;
				GCC_NO_COMMON_BLOCKS = YES;
				GCC_WARN_64_TO_32_BIT_CONVERSION = YES;
				GCC_WARN_ABOUT_RETURN_TYPE = YES_ERROR;
				GCC_WARN_UNDECLARED_SELECTOR = YES;
				GCC_WARN_UNINITIALIZED_AUTOS = YES_AGGRESSIVE;
				GCC_WARN_UNUSED_FUNCTION = YES;
				GCC_WARN_UNUSED_VARIABLE = YES;
				IPHONEOS_DEPLOYMENT_TARGET = 9.3;
				MTL_ENABLE_DEBUG_INFO = NO;
				SDKROOT = iphoneos;
				TARGETED_DEVICE_FAMILY = "1,2";
				VALIDATE_PRODUCT = YES;
			};
			name = Release;
		};
		7E610DF01D251EDB007E8CC9 /* Debug */ = {
			isa = XCBuildConfiguration;
			buildSettings = {
				ASSETCATALOG_COMPILER_APPICON_NAME = AppIcon;
				INFOPLIST_FILE = TWCitySelectView/Info.plist;
				LD_RUNPATH_SEARCH_PATHS = "$(inherited) @executable_path/Frameworks";
				PRODUCT_BUNDLE_IDENTIFIER = com.twkit.app.TWCitySelectView;
				PRODUCT_NAME = "$(TARGET_NAME)";
			};
			name = Debug;
		};
		7E610DF11D251EDB007E8CC9 /* Release */ = {
			isa = XCBuildConfiguration;
			buildSettings = {
				ASSETCATALOG_COMPILER_APPICON_NAME = AppIcon;
				INFOPLIST_FILE = TWCitySelectView/Info.plist;
				LD_RUNPATH_SEARCH_PATHS = "$(inherited) @executable_path/Frameworks";
				PRODUCT_BUNDLE_IDENTIFIER = com.twkit.app.TWCitySelectView;
				PRODUCT_NAME = "$(TARGET_NAME)";
			};
			name = Release;
		};
		7E610DF31D251EDB007E8CC9 /* Debug */ = {
			isa = XCBuildConfiguration;
			buildSettings = {
				BUNDLE_LOADER = "$(TEST_HOST)";
				INFOPLIST_FILE = TWCitySelectViewTests/Info.plist;
				LD_RUNPATH_SEARCH_PATHS = "$(inherited) @executable_path/Frameworks @loader_path/Frameworks";
				PRODUCT_BUNDLE_IDENTIFIER = com.twkit.app.TWCitySelectViewTests;
				PRODUCT_NAME = "$(TARGET_NAME)";
				TEST_HOST = "$(BUILT_PRODUCTS_DIR)/TWCitySelectView.app/TWCitySelectView";
			};
			name = Debug;
		};
		7E610DF41D251EDB007E8CC9 /* Release */ = {
			isa = XCBuildConfiguration;
			buildSettings = {
				BUNDLE_LOADER = "$(TEST_HOST)";
				INFOPLIST_FILE = TWCitySelectViewTests/Info.plist;
				LD_RUNPATH_SEARCH_PATHS = "$(inherited) @executable_path/Frameworks @loader_path/Frameworks";
				PRODUCT_BUNDLE_IDENTIFIER = com.twkit.app.TWCitySelectViewTests;
				PRODUCT_NAME = "$(TARGET_NAME)";
				TEST_HOST = "$(BUILT_PRODUCTS_DIR)/TWCitySelectView.app/TWCitySelectView";
			};
			name = Release;
		};
		7E610DF61D251EDB007E8CC9 /* Debug */ = {
			isa = XCBuildConfiguration;
			buildSettings = {
				INFOPLIST_FILE = TWCitySelectViewUITests/Info.plist;
				LD_RUNPATH_SEARCH_PATHS = "$(inherited) @executable_path/Frameworks @loader_path/Frameworks";
				PRODUCT_BUNDLE_IDENTIFIER = com.twkit.app.TWCitySelectViewUITests;
				PRODUCT_NAME = "$(TARGET_NAME)";
				TEST_TARGET_NAME = TWCitySelectView;
			};
			name = Debug;
		};
		7E610DF71D251EDB007E8CC9 /* Release */ = {
			isa = XCBuildConfiguration;
			buildSettings = {
				INFOPLIST_FILE = TWCitySelectViewUITests/Info.plist;
				LD_RUNPATH_SEARCH_PATHS = "$(inherited) @executable_path/Frameworks @loader_path/Frameworks";
				PRODUCT_BUNDLE_IDENTIFIER = com.twkit.app.TWCitySelectViewUITests;
				PRODUCT_NAME = "$(TARGET_NAME)";
				TEST_TARGET_NAME = TWCitySelectView;
			};
			name = Release;
		};
/* End XCBuildConfiguration section */

/* Begin XCConfigurationList section */
		7E610DBD1D251EDB007E8CC9 /* Build configuration list for PBXProject "TWCitySelectView" */ = {
			isa = XCConfigurationList;
			buildConfigurations = (
				7E610DED1D251EDB007E8CC9 /* Debug */,
				7E610DEE1D251EDB007E8CC9 /* Release */,
			);
			defaultConfigurationIsVisible = 0;
			defaultConfigurationName = Release;
		};
		7E610DEF1D251EDB007E8CC9 /* Build configuration list for PBXNativeTarget "TWCitySelectView" */ = {
			isa = XCConfigurationList;
			buildConfigurations = (
				7E610DF01D251EDB007E8CC9 /* Debug */,
				7E610DF11D251EDB007E8CC9 /* Release */,
			);
			defaultConfigurationIsVisible = 0;
		};
		7E610DF21D251EDB007E8CC9 /* Build configuration list for PBXNativeTarget "TWCitySelectViewTests" */ = {
			isa = XCConfigurationList;
			buildConfigurations = (
				7E610DF31D251EDB007E8CC9 /* Debug */,
				7E610DF41D251EDB007E8CC9 /* Release */,
			);
			defaultConfigurationIsVisible = 0;
		};
		7E610DF51D251EDB007E8CC9 /* Build configuration list for PBXNativeTarget "TWCitySelectViewUITests" */ = {
			isa = XCConfigurationList;
			buildConfigurations = (
				7E610DF61D251EDB007E8CC9 /* Debug */,
				7E610DF71D251EDB007E8CC9 /* Release */,
			);
			defaultConfigurationIsVisible = 0;
		};
/* End XCConfigurationList section */
	};
	rootObject = 7E610DBA1D251EDB007E8CC9 /* Project object */;
}
